<?xml version="1.0" encoding="utf-8"?>
<Project ToolsVersion="4.0" xmlns="http://schemas.microsoft.com/developer/msbuild/2003">
  <ItemGroup>
    <Filter Include="Source Files">
      <UniqueIdentifier>{4FC737F1-C7A5-4376-A066-2A32D752A2FF}</UniqueIdentifier>
      <Extensions>cpp;c;cc;cxx;c++;cppm;ixx;def;odl;idl;hpj;bat;asm;asmx</Extensions>
    </Filter>
    <Filter Include="Header Files">
      <UniqueIdentifier>{93995380-89BD-4b04-88EB-625FBE52EBFB}</UniqueIdentifier>
      <Extensions>h;hh;hpp;hxx;h++;hm;inl;inc;ipp;xsd</Extensions>
    </Filter>
    <Filter Include="Resource Files">
      <UniqueIdentifier>{67DA6AB6-F800-4c08-8B7A-83BB121AAD01}</UniqueIdentifier>
      <Extensions>rc;ico;cur;bmp;dlg;rc2;rct;bin;rgs;gif;jpg;jpeg;jpe;resx;tiff;tif;png;wav;mfcribbon-ms</Extensions>
    </Filter>
    <Filter Include="Header Files\core">
      <UniqueIdentifier>{3329436b-8959-4f38-804c-96c7c599adb4}</UniqueIdentifier>
    </Filter>
    <Filter Include="Header Files\core\application">
      <UniqueIdentifier>{4a1057f3-3a76-48aa-984f-cf2c91f2a515}</UniqueIdentifier>
    </Filter>
    <Filter Include="Header Files\core\application\editor">
      <UniqueIdentifier>{f09819eb-429f-4987-9b38-2a616dfa140c}</UniqueIdentifier>
    </Filter>
    <Filter Include="Header Files\core\application\editor_window">
      <UniqueIdentifier>{bf2c4c16-2c55-4e43-9bfc-ef23b0a32a2e}</UniqueIdentifier>
    </Filter>
    <Filter Include="Source Files\core">
      <UniqueIdentifier>{e0e87fbd-d755-487b-9efd-94da6967b6be}</UniqueIdentifier>
    </Filter>
    <Filter Include="Source Files\core\application">
      <UniqueIdentifier>{e7d753c6-83af-4691-9816-c1e8efade13e}</UniqueIdentifier>
    </Filter>
    <Filter Include="Source Files\core\application\editor">
      <UniqueIdentifier>{d6e0cf51-63e1-4ddf-8278-34c2e0c0892b}</UniqueIdentifier>
    </Filter>
    <Filter Include="Source Files\core\application\editor_window">
      <UniqueIdentifier>{439944f7-c7f0-46a2-baf5-c176c4ee30d6}</UniqueIdentifier>
    </Filter>
    <Filter Include="Header Files\core\debug">
      <UniqueIdentifier>{89c60970-6c0c-473e-8d02-2e7cc8eab299}</UniqueIdentifier>
    </Filter>
    <Filter Include="Source Files\core\debug">
      <UniqueIdentifier>{995a1967-e70f-4a2c-ac98-736a4ff43e4a}</UniqueIdentifier>
    </Filter>
  </ItemGroup>
  <ItemGroup>
    <ClInclude Include="core\application\Application.h">
      <Filter>Header Files\core\application</Filter>
    </ClInclude>
    <ClInclude Include="core\application\editor_window\EditorWindow.h">
      <Filter>Header Files\core\application\editor_window</Filter>
    </ClInclude>
    <ClInclude Include="core\application\editor\CCE_Editor.h">
      <Filter>Header Files\core\application\editor</Filter>
    </ClInclude>
    <ClInclude Include="core\application\editor_window\EditorWindowManager.h">
      <Filter>Header Files\core\application\editor_window</Filter>
    </ClInclude>
    <ClInclude Include="core\debug\Debug.h">
      <Filter>Header Files\core\debug</Filter>
    </ClInclude>
  </ItemGroup>
  <ItemGroup>
    <ClCompile Include="core\application\Application.cpp">
      <Filter>Source Files\core\application</Filter>
    </ClCompile>
    <ClCompile Include="core\application\editor\CCE_Editor.cpp">
      <Filter>Source Files\core\application\editor</Filter>
    </ClCompile>
    <ClCompile Include="core\application\editor_window\EditorWindow.cpp">
      <Filter>Source Files\core\application\editor_window</Filter>
    </ClCompile>
    <ClCompile Include="core\application\editor_window\EditorWindowManager.cpp">
      <Filter>Source Files\core\application\editor_window</Filter>
    </ClCompile>
    <ClCompile Include="core\debug\Debug.cpp">
      <Filter>Source Files\core\debug</Filter>
    </ClCompile>
  </ItemGroup>
</Project>