<?xml version="1.0" encoding="utf-8"?>
<Project ToolsVersion="4.0" xmlns="http://schemas.microsoft.com/developer/msbuild/2003">
  <ItemGroup>
    <FxCompile Include="src\CCE\graphics\shader\DefaultPixelShader.hlsl" />
    <FxCompile Include="src\CCE\graphics\shader\DefaultVertexShader.hlsl" />
    <FxCompile Include="src\CCE\compute-shader\CollisionDetectionResolve.hlsl" />
    <FxCompile Include="src\CCE\graphics\shader\PBRPixelShader.hlsl" />
    <FxCompile Include="src\CCE\graphics\shader\PBRVertexShader.hlsl" />
  </ItemGroup>
  <ItemGroup>
    <ClCompile Include="src\CCE\ecs\Components\transform.cpp" />
    <ClCompile Include="src\CCE\ecs\entity-component-system.cpp" />
    <ClCompile Include="src\CCE\graphics\rendering\Bindable\sampler.cpp" />
    <ClCompile Include="src\CCE\graphics\rendering\Bindable\texture2D.cpp" />
    <ClCompile Include="src\CCE\graphics\rendering\camera.cpp" />
    <ClCompile Include="src\CCE\graphics\rendering\Drawable\IDrawable.cpp" />
    <ClCompile Include="src\CCE\graphics\rendering\Bindable\input-layout.cpp" />
    <ClCompile Include="src\CCE\graphics\rendering\Bindable\pixel-shader.cpp" />
    <ClCompile Include="src\CCE\graphics\rendering\Bindable\index-buffer.cpp" />
    <ClCompile Include="src\CCE\resources\mesh-loader.cpp" />
    <ClCompile Include="src\CCE\resources\texture-loader.cpp" />
    <ClCompile Include="src\CCE\string\string-memory.cpp" />
    <ClCompile Include="src\CCE\utilities\IO\IO.cpp" />
    <ClCompile Include="src\CCE\manager\MemoryManager.cpp" />
    <ClCompile Include="src\CCE\client-window\client-window.cpp" />
    <ClCompile Include="src\CCE\graphics\rendering\Drawable\model.cpp" />
    <ClCompile Include="src\CCE\manager\application.cpp" />
    <ClCompile Include="src\CCE\utilities\Color\color.cpp" />
    <ClCompile Include="src\CCE\graphics\rendering.cpp" />
    <ClCompile Include="src\CCE\utilities\Math\CRCHash.cpp" />
    <ClCompile Include="src\CCE\memory\pool-allocator.cpp" />
    <ClCompile Include="src\CCE\memory\allocator.cpp" />
    <ClCompile Include="src\CCE\utilities\Math\CCMath.cpp" />
    <ClCompile Include="src\CCE\manager\BaseManager.cpp" />
    <ClCompile Include="src\CCE\analysis\debug.cpp" />
    <ClCompile Include="src\CCE\analysis\logger.cpp" />
    <ClCompile Include="src\CCE\core.cpp" />
    <ClCompile Include="src\CCE\analysis\time.cpp" />
    <ClCompile Include="src\CCE\analysis\unit-testing\unit-test.cpp" />
    <ClCompile Include="src\CCE\analysis\unit-testing\unit-test-math.cpp" />
    <ClCompile Include="src\CCE\memory\stack-allocator.cpp" />
    <ClCompile Include="src\CCE\analysis\unit-testing\unit-test-stack-alloc.cpp" />
    <ClCompile Include="src\CCE\analysis\unit-testing\unit-test-pool-alloc.cpp" />
    <ClCompile Include="src\CCE\string\string.cpp" />
    <ClCompile Include="src\CCE\analysis\unit-testing\unit-test-string.cpp" />
    <ClCompile Include="src\CCE\graphics\rendering\Bindable\vertex-buffer.cpp" />
    <ClCompile Include="src\CCE\graphics\rendering\Bindable\vertex-shader.cpp" />
    <ClCompile Include="src\CCE\graphics\rendering\Bindable\topology.cpp" />
    <ClCompile Include="src\CCE\ecs\Components\rigidbody.cpp" />
    <ClCompile Include="src\CCE\scene\scene.cpp" />
    <ClCompile Include="src\CCE\ecs\systems\physics-system.cpp" />
    <ClCompile Include="src\CCE\ecs\systems\rendering-system.cpp" />
    <ClCompile Include="src\CCE\ecs\Components\behaviour.cpp" />
    <ClCompile Include="src\CCE\resources\resource-allocator.cpp" />
    <ClCompile Include="src\CCE\ecs\Components\mesh.cpp" />
    <ClCompile Include="src\CCE\ecs\Components\material.cpp" />
    <ClCompile Include="src\CCE\physics\Physics.cpp" />
    <ClCompile Include="src\CCE\ecs\Components\collider.cpp" />
    <ClCompile Include="src\thirdparty\src\optick_capi.cpp" />
    <ClCompile Include="src\thirdparty\src\optick_core.cpp" />
    <ClCompile Include="src\thirdparty\src\optick_gpu.cpp" />
    <ClCompile Include="src\thirdparty\src\optick_gpu.d3d12.cpp" />
    <ClCompile Include="src\thirdparty\src\optick_gpu.vulkan.cpp" />
    <ClCompile Include="src\thirdparty\src\optick_message.cpp" />
    <ClCompile Include="src\thirdparty\src\optick_miniz.cpp" />
    <ClCompile Include="src\thirdparty\src\optick_serialization.cpp" />
    <ClCompile Include="src\thirdparty\src\optick_server.cpp" />
    <ClCompile Include="src\CCE\manager\ProfilingManager.cpp" />
    <ClCompile Include="src\CCE\multithreading\job-system.cpp" />
    <ClCompile Include="src\CCE\input\input.cpp" />
  </ItemGroup>
  <ItemGroup>
    <ClInclude Include="src\CCE\ecs\component-buffer.h" />
    <ClInclude Include="src\CCE\ecs\Components\component-headers.h" />
    <ClInclude Include="src\CCE\ecs\entity.h" />
    <ClInclude Include="src\CCE\ecs\entity-component-system.h" />
    <ClInclude Include="src\CCE\graphics\rendering\Bindable\constant-buffer.h" />
    <ClInclude Include="src\CCE\graphics\rendering\Bindable\sampler.h" />
    <ClInclude Include="src\CCE\graphics\rendering\Bindable\texture2D.h" />
    <ClInclude Include="src\CCE\graphics\rendering\camera.h" />
    <ClInclude Include="src\CCE\graphics\rendering\Bindable\bindable-common.h" />
    <ClInclude Include="src\CCE\graphics\rendering\Bindable\input-layout.h" />
    <ClInclude Include="src\CCE\graphics\rendering\Bindable\pixel-shader.h" />
    <ClInclude Include="src\CCE\graphics\rendering\Bindable\index-buffer.h" />
    <ClInclude Include="src\CCE\graphics\rendering\Bindable\IBindable.h" />
    <ClInclude Include="resource.h" />
    <ClInclude Include="src\CCE\graphics\rendering\D3D11.h" />
    <ClInclude Include="src\CCE\graphics\rendering\Drawable\IDrawable.h" />
    <ClInclude Include="src\CCE\include\assimp\aabb.h" />
    <ClInclude Include="src\CCE\include\assimp\ai_assert.h" />
    <ClInclude Include="src\CCE\include\assimp\anim.h" />
    <ClInclude Include="src\CCE\include\assimp\Base64.hpp" />
    <ClInclude Include="src\CCE\include\assimp\BaseImporter.h" />
    <ClInclude Include="src\CCE\include\assimp\Bitmap.h" />
    <ClInclude Include="src\CCE\include\assimp\BlobIOSystem.h" />
    <ClInclude Include="src\CCE\include\assimp\ByteSwapper.h" />
    <ClInclude Include="src\CCE\include\assimp\camera.h" />
    <ClInclude Include="src\CCE\include\assimp\cexport.h" />
    <ClInclude Include="src\CCE\include\assimp\cfileio.h" />
    <ClInclude Include="src\CCE\include\assimp\cimport.h" />
    <ClInclude Include="src\CCE\include\assimp\ColladaMetaData.h" />
    <ClInclude Include="src\CCE\include\assimp\color4.h" />
    <ClInclude Include="src\CCE\include\assimp\commonMetaData.h" />
    <ClInclude Include="src\CCE\include\assimp\Compiler\poppack1.h" />
    <ClInclude Include="src\CCE\include\assimp\Compiler\pstdint.h" />
    <ClInclude Include="src\CCE\include\assimp\Compiler\pushpack1.h" />
    <ClInclude Include="src\CCE\include\assimp\config.h" />
    <ClInclude Include="src\CCE\include\assimp\CreateAnimMesh.h" />
    <ClInclude Include="src\CCE\include\assimp\DefaultIOStream.h" />
    <ClInclude Include="src\CCE\include\assimp\DefaultIOSystem.h" />
    <ClInclude Include="src\CCE\include\assimp\DefaultLogger.hpp" />
    <ClInclude Include="src\CCE\include\assimp\defs.h" />
    <ClInclude Include="src\CCE\include\assimp\Exceptional.h" />
    <ClInclude Include="src\CCE\include\assimp\Exporter.hpp" />
    <ClInclude Include="src\CCE\include\assimp\fast_atof.h" />
    <ClInclude Include="src\CCE\include\assimp\GenericProperty.h" />
    <ClInclude Include="src\CCE\include\assimp\GltfMaterial.h" />
    <ClInclude Include="src\CCE\include\assimp\Hash.h" />
    <ClInclude Include="src\CCE\include\assimp\Importer.hpp" />
    <ClInclude Include="src\CCE\include\assimp\importerdesc.h" />
    <ClInclude Include="src\CCE\include\assimp\IOStream.hpp" />
    <ClInclude Include="src\CCE\include\assimp\IOStreamBuffer.h" />
    <ClInclude Include="src\CCE\include\assimp\IOSystem.hpp" />
    <ClInclude Include="src\CCE\include\assimp\light.h" />
    <ClInclude Include="src\CCE\include\assimp\LineSplitter.h" />
    <ClInclude Include="src\CCE\include\assimp\LogAux.h" />
    <ClInclude Include="src\CCE\include\assimp\Logger.hpp" />
    <ClInclude Include="src\CCE\include\assimp\LogStream.hpp" />
    <ClInclude Include="src\CCE\include\assimp\material.h" />
    <ClInclude Include="src\CCE\include\assimp\MathFunctions.h" />
    <ClInclude Include="src\CCE\include\assimp\matrix3x3.h" />
    <ClInclude Include="src\CCE\include\assimp\matrix4x4.h" />
    <ClInclude Include="src\CCE\include\assimp\MemoryIOWrapper.h" />
    <ClInclude Include="src\CCE\include\assimp\mesh.h" />
    <ClInclude Include="src\CCE\include\assimp\metadata.h" />
    <ClInclude Include="src\CCE\include\assimp\NullLogger.hpp" />
    <ClInclude Include="src\CCE\include\assimp\ObjMaterial.h" />
    <ClInclude Include="src\CCE\include\assimp\ParsingUtils.h" />
    <ClInclude Include="src\CCE\include\assimp\pbrmaterial.h" />
    <ClInclude Include="src\CCE\include\assimp\port\AndroidJNI\AndroidJNIIOSystem.h" />
    <ClInclude Include="src\CCE\include\assimp\port\AndroidJNI\BundledAssetIOSystem.h" />
    <ClInclude Include="src\CCE\include\assimp\postprocess.h" />
    <ClInclude Include="src\CCE\include\assimp\Profiler.h" />
    <ClInclude Include="src\CCE\include\assimp\ProgressHandler.hpp" />
    <ClInclude Include="src\CCE\include\assimp\qnan.h" />
    <ClInclude Include="src\CCE\include\assimp\quaternion.h" />
    <ClInclude Include="src\CCE\include\assimp\RemoveComments.h" />
    <ClInclude Include="src\CCE\include\assimp\scene.h" />
    <ClInclude Include="src\CCE\include\assimp\SceneCombiner.h" />
    <ClInclude Include="src\CCE\include\assimp\SGSpatialSort.h" />
    <ClInclude Include="src\CCE\include\assimp\SkeletonMeshBuilder.h" />
    <ClInclude Include="src\CCE\include\assimp\SmallVector.h" />
    <ClInclude Include="src\CCE\include\assimp\SmoothingGroups.h" />
    <ClInclude Include="src\CCE\include\assimp\SpatialSort.h" />
    <ClInclude Include="src\CCE\include\assimp\StandardShapes.h" />
    <ClInclude Include="src\CCE\include\assimp\StreamReader.h" />
    <ClInclude Include="src\CCE\include\assimp\StreamWriter.h" />
    <ClInclude Include="src\CCE\include\assimp\StringComparison.h" />
    <ClInclude Include="src\CCE\include\assimp\StringUtils.h" />
    <ClInclude Include="src\CCE\include\assimp\Subdivision.h" />
    <ClInclude Include="src\CCE\include\assimp\texture.h" />
    <ClInclude Include="src\CCE\include\assimp\TinyFormatter.h" />
    <ClInclude Include="src\CCE\include\assimp\types.h" />
    <ClInclude Include="src\CCE\include\assimp\vector2.h" />
    <ClInclude Include="src\CCE\include\assimp\vector3.h" />
    <ClInclude Include="src\CCE\include\assimp\version.h" />
    <ClInclude Include="src\CCE\include\assimp\Vertex.h" />
    <ClInclude Include="src\CCE\include\assimp\XmlParser.h" />
    <ClInclude Include="src\CCE\include\assimp\XMLTools.h" />
    <ClInclude Include="src\CCE\include\assimp\ZipArchiveIOSystem.h" />
    <ClInclude Include="src\CCE\include\json\json.hpp" />
    <ClInclude Include="src\CCE\include\json\json_fwd.hpp" />
    <ClInclude Include="src\CCE\resources\mesh-loader.h" />
    <ClInclude Include="src\CCE\resources\resource-loader.h" />
    <ClInclude Include="src\CCE\resources\texture-loader.h" />
    <ClInclude Include="src\CCE\input\controller.h" />
    <ClInclude Include="src\CCE\input\IInputHandler.h" />
    <ClInclude Include="src\CCE\input\keyboard.h" />
    <ClInclude Include="src\CCE\input\mouse.h" />
    <ClInclude Include="src\CCE\ecs\IComponentBuffer.h" />
    <ClInclude Include="src\CCE\Resources\Resource.h" />
    <ClInclude Include="src\CCE\string\string-memory.h" />
    <ClInclude Include="src\CCE\utilities\free-img\FreeImage.h" />
    <ClInclude Include="src\CCE\utilities\IO\IO.h" />
    <ClInclude Include="src\CCE\manager\MemoryManager.h" />
    <ClInclude Include="src\CCE\client-window\client-window.h" />
    <ClInclude Include="src\CCE\graphics\rendering\Drawable\model.h" />
    <ClInclude Include="src\CCE\manager\application.h" />
    <ClInclude Include="src\CCE\Utilities\Concurrency\ScopedSpinLock.h" />
    <ClInclude Include="src\CCE\Utilities\Concurrency\SpinLock.h" />
    <ClInclude Include="src\CCE\include\ds5w\ds5w.h" />
    <ClInclude Include="src\CCE\utilities\Color\color.h" />
    <ClInclude Include="src\CCE\graphics\rendering.h" />
    <ClInclude Include="src\CCE\input\input-device.h" />
    <ClInclude Include="src\CCE\utilities\Math\CRCHash.h" />
    <ClInclude Include="src\CCE\memory\pool-allocator.h" />
    <ClInclude Include="src\CCE\memory\allocator.h" />
    <ClInclude Include="src\CCE\utilities\Math\CCMath.h" />
    <ClInclude Include="src\CCE\manager\BaseManager.h" />
    <ClInclude Include="src\CCE\analysis\debug.h" />
    <ClInclude Include="src\CCE\analysis\logger.h" />
    <ClInclude Include="src\CCEngine.h" />
    <ClInclude Include="src\CCE\core.h" />
    <ClInclude Include="src\CCE\analysis\time.h" />
    <ClInclude Include="src\CCE\analysis\unit-testing\unit-test.h" />
    <ClInclude Include="src\CCE\analysis\unit-testing\unit-test-math.h" />
    <ClInclude Include="src\CCE\memory\stack-allocator.h" />
    <ClInclude Include="src\CCE\analysis\unit-testing\unit-test-stack-alloc.h" />
    <ClInclude Include="src\CCE\analysis\unit-testing\unit-test-pool-alloc.h" />
    <ClInclude Include="src\CCE\string\string.h" />
    <ClInclude Include="src\CCE\analysis\unit-testing\unit-test-string.h" />
    <ClInclude Include="src\CCE\graphics\rendering\vertex.h" />
    <ClInclude Include="src\CCE\utilities\Serialization\ISerializable.h" />
    <ClInclude Include="src\CCE\utilities\Serialization\json.hpp" />
    <ClInclude Include="src\CCE\graphics\rendering\Bindable\vertex-buffer.h" />
    <ClInclude Include="src\CCE\graphics\rendering\Bindable\vertex-shader.h" />
    <ClInclude Include="src\CCE\graphics\rendering\Bindable\topology.h" />
    <ClInclude Include="src\CCE\string\string-converter.h" />
    <ClInclude Include="src\CCE\ecs\Components\transform.h" />
    <ClInclude Include="src\CCE\ecs\Components\rigidbody.h" />
    <ClInclude Include="src\CCE\scene\scene.h" />
    <ClInclude Include="src\CCE\ecs\systems\ecs-system.h" />
    <ClInclude Include="src\CCE\ecs\systems\physics-system.h" />
    <ClInclude Include="src\CCE\ecs\systems\rendering-system.h" />
    <ClInclude Include="src\CCE\ecs\Components\behaviour.h" />
    <ClInclude Include="src\CCE\resources\resource-allocator.h" />
    <ClInclude Include="src\CCE\ecs\Components\mesh.h" />
    <ClInclude Include="src\CCE\resources\mesh-data.h" />
    <ClInclude Include="src\CCE\ecs\Components\material.h" />
    <ClInclude Include="src\CCE\ecs\Components\collider.h" />
    <ClInclude Include="src\CCE\graphics\rendering\Bindable\vs-const-buf-data.h" />
    <ClInclude Include="src\CCE\utilities\Containers\Octree.h" />
    <ClInclude Include="src\CCE\physics\Physics.h" />
    <ClInclude Include="src\thirdparty\src\optick.config.h" />
    <ClInclude Include="src\thirdparty\src\optick.h" />
    <ClInclude Include="src\thirdparty\src\optick_capi.h" />
    <ClInclude Include="src\thirdparty\src\optick_common.h" />
    <ClInclude Include="src\thirdparty\src\optick_core.freebsd.h" />
    <ClInclude Include="src\thirdparty\src\optick_core.h" />
    <ClInclude Include="src\thirdparty\src\optick_core.linux.h" />
    <ClInclude Include="src\thirdparty\src\optick_core.macos.h" />
    <ClInclude Include="src\thirdparty\src\optick_core.platform.h" />
    <ClInclude Include="src\thirdparty\src\optick_core.win.h" />
    <ClInclude Include="src\thirdparty\src\optick_gpu.h" />
    <ClInclude Include="src\thirdparty\src\optick_memory.h" />
    <ClInclude Include="src\thirdparty\src\optick_message.h" />
    <ClInclude Include="src\thirdparty\src\optick_miniz.h" />
    <ClInclude Include="src\thirdparty\src\optick_serialization.h" />
    <ClInclude Include="src\thirdparty\src\optick_server.h" />
    <ClInclude Include="src\CCE\manager\ProfilingManager.h" />
    <ClInclude Include="src\CCE\multithreading\job.h" />
    <ClInclude Include="src\CCE\multithreading\scoped-spinlock.h" />
    <ClInclude Include="src\CCE\multithreading\spinlock.h" />
    <ClInclude Include="src\CCE\multithreading\job-system.h" />
    <ClInclude Include="src\CCE\multithreading\scoped-mutex.h" />
    <ClInclude Include="src\CCE\input\input.h" />
    <ClInclude Include="src\CCE\analysis\debugInfoDesc.h" />
  </ItemGroup>
  <ItemGroup>
    <Library Include="resources\sdk\assimp-vc143-mt.lib" />
    <Library Include="resources\sdk\ds5w_x64.lib" />
    <Library Include="resources\sdk\FreeImage.lib" />
    <Library Include="resources\sdk\OptickCore.lib" />
  </ItemGroup>
  <ItemGroup>
    <ResourceCompile Include="CreativeChaosEngineCore.rc" />
  </ItemGroup>
  <ItemGroup>
    <None Include="resources\sdk\assimp-vc143-mt.dll" />
    <None Include="resources\sdk\ds5w_x64.dll" />
    <None Include="resources\sdk\FreeImage.dll" />
    <None Include="src\CCE\include\assimp\.editorconfig" />
    <None Include="src\CCE\include\assimp\color4.inl" />
    <None Include="src\CCE\include\assimp\config.h.in" />
    <None Include="src\CCE\include\assimp\material.inl" />
    <None Include="src\CCE\include\assimp\matrix3x3.inl" />
    <None Include="src\CCE\include\assimp\matrix4x4.inl" />
    <None Include="src\CCE\include\assimp\quaternion.inl" />
    <None Include="src\CCE\include\assimp\SmoothingGroups.inl" />
    <None Include="src\CCE\include\assimp\vector2.inl" />
    <None Include="src\CCE\include\assimp\vector3.inl" />
    <None Include="resources\sdk\OptickCore.dll" />
  </ItemGroup>
</Project>