<?xml version="1.0" encoding="utf-8"?>
<Project ToolsVersion="4.0" xmlns="http://schemas.microsoft.com/developer/msbuild/2003">
  <ItemGroup>
    <FxCompile Include="src\CCE\Graphics\Shader\DefaultPixelShader.hlsl" />
    <FxCompile Include="src\CCE\Graphics\Shader\DefaultVertexShader.hlsl" />
  </ItemGroup>
  <ItemGroup>
    <ClCompile Include="src\CCE\ECS\Components\Transform.cpp" />
    <ClCompile Include="src\CCE\ECS\EntityComponentSystem.cpp" />
    <ClCompile Include="src\CCE\Graphics\Rendering\Bindable\IBindable.cpp" />
    <ClCompile Include="src\CCE\Graphics\Rendering\Bindable\Sampler.cpp" />
    <ClCompile Include="src\CCE\Graphics\Rendering\Bindable\Texture2D.cpp" />
    <ClCompile Include="src\CCE\Graphics\Rendering\Camera.cpp" />
    <ClCompile Include="src\CCE\Graphics\Rendering\Drawable\IDrawable.cpp" />
    <ClCompile Include="src\CCE\Graphics\Rendering\Bindable\InputLayout.cpp" />
    <ClCompile Include="src\CCE\Graphics\Rendering\Bindable\PixelShader.cpp" />
    <ClCompile Include="src\CCE\Graphics\Rendering\Bindable\IndexBuffer.cpp" />
    <ClCompile Include="src\CCE\Resources\MeshLoader.cpp" />
    <ClCompile Include="src\CCE\Resources\TextureLoader.cpp" />
    <ClCompile Include="src\CCE\String\StringMemory.cpp" />
    <ClCompile Include="src\CCE\Utilities\IO\IO.cpp" />
    <ClCompile Include="src\CCE\Manager\MemoryManager.cpp" />
    <ClCompile Include="src\CCE\ClientWindow\ClientWindow.cpp" />
    <ClCompile Include="src\CCE\Graphics\Rendering\Drawable\Model.cpp" />
    <ClCompile Include="src\CCE\Manager\Application.cpp" />
    <ClCompile Include="src\CCE\Utilities\Color\Color.cpp" />
    <ClCompile Include="src\CCE\Graphics\RenderPipeline.cpp" />
    <ClCompile Include="src\CCE\Manager\InputManager.cpp" />
    <ClCompile Include="src\CCE\Utilities\Math\CRCHash.cpp" />
    <ClCompile Include="src\CCE\Memory\PoolAllocator.cpp" />
    <ClCompile Include="src\CCE\Memory\Allocator.cpp" />
    <ClCompile Include="src\CCE\Utilities\Math\CCMath.cpp" />
    <ClCompile Include="src\CCE\Manager\JobManager.cpp" />
    <ClCompile Include="src\CCE\Manager\BaseManager.cpp" />
    <ClCompile Include="src\CCE\Analysis\Debug.cpp" />
    <ClCompile Include="src\CCE\Manager\ProfilingManager.cpp" />
    <ClCompile Include="src\CCE\Analysis\Logger.cpp" />
    <ClCompile Include="src\CCE\Core.cpp" />
    <ClCompile Include="src\CCE\Analysis\Time.cpp" />
    <ClCompile Include="src\CCE\Analysis\UnitTesting\UnitTest.cpp" />
    <ClCompile Include="src\CCE\Analysis\UnitTesting\UnitTestMath.cpp" />
    <ClCompile Include="src\CCE\Memory\StackAllocator.cpp" />
    <ClCompile Include="src\CCE\Analysis\UnitTesting\UnitTestStackAlloc.cpp" />
    <ClCompile Include="src\CCE\Analysis\UnitTesting\UnitTestPoolAlloc.cpp" />
    <ClCompile Include="src\CCE\String\String.cpp" />
    <ClCompile Include="src\CCE\Analysis\UnitTesting\UnitTestString.cpp" />
    <ClCompile Include="src\CCE\Graphics\Rendering\Bindable\VertexBuffer.cpp" />
    <ClCompile Include="src\CCE\Graphics\Rendering\Bindable\VertexShader.cpp" />
    <ClCompile Include="src\CCE\Graphics\Rendering\Bindable\Topology.cpp" />
    <ClCompile Include="src\CCE\ECS\Components\Rigidbody.cpp" />
    <ClCompile Include="src\CCE\Scene\Scene.cpp" />
    <ClCompile Include="src\CCE\ECS\Systems\PhysicsSystem.cpp" />
    <ClCompile Include="src\CCE\ECS\Systems\RenderingSystem.cpp" />
    <ClCompile Include="src\CCE\ECS\Components\Behaviour.cpp" />
    <ClCompile Include="src\CCE\ECS\Components\Mesh.cpp" />
    <ClCompile Include="src\CCE\ECS\Components\MeshRenderer.cpp" />
  </ItemGroup>
  <ItemGroup>
    <ClInclude Include="src\CCE\ECS\ComponentBuffer.h" />
    <ClInclude Include="src\CCE\ECS\Components\ComponentHeaders.h" />
    <ClInclude Include="src\CCE\ECS\Entity.h" />
    <ClInclude Include="src\CCE\ECS\EntityComponentSystem.h" />
    <ClInclude Include="src\CCE\Graphics\Rendering\Bindable\ConstantBuffer.h" />
    <ClInclude Include="src\CCE\Graphics\Rendering\Bindable\Sampler.h" />
    <ClInclude Include="src\CCE\Graphics\Rendering\Bindable\Texture2D.h" />
    <ClInclude Include="src\CCE\Graphics\Rendering\Camera.h" />
    <ClInclude Include="src\CCE\Graphics\Rendering\Bindable\BindableCommon.h" />
    <ClInclude Include="src\CCE\Graphics\Rendering\Bindable\InputLayout.h" />
    <ClInclude Include="src\CCE\Graphics\Rendering\Bindable\PixelShader.h" />
    <ClInclude Include="src\CCE\Graphics\Rendering\Bindable\IndexBuffer.h" />
    <ClInclude Include="src\CCE\Graphics\Rendering\Bindable\IBindable.h" />
    <ClInclude Include="resource.h" />
    <ClInclude Include="src\CCE\Graphics\Rendering\D3D11.h" />
    <ClInclude Include="src\CCE\Graphics\Rendering\Drawable\IDrawable.h" />
    <ClInclude Include="src\CCE\include\assimp\aabb.h" />
    <ClInclude Include="src\CCE\include\assimp\ai_assert.h" />
    <ClInclude Include="src\CCE\include\assimp\anim.h" />
    <ClInclude Include="src\CCE\include\assimp\Base64.hpp" />
    <ClInclude Include="src\CCE\include\assimp\BaseImporter.h" />
    <ClInclude Include="src\CCE\include\assimp\Bitmap.h" />
    <ClInclude Include="src\CCE\include\assimp\BlobIOSystem.h" />
    <ClInclude Include="src\CCE\include\assimp\ByteSwapper.h" />
    <ClInclude Include="src\CCE\include\assimp\camera.h" />
    <ClInclude Include="src\CCE\include\assimp\cexport.h" />
    <ClInclude Include="src\CCE\include\assimp\cfileio.h" />
    <ClInclude Include="src\CCE\include\assimp\cimport.h" />
    <ClInclude Include="src\CCE\include\assimp\ColladaMetaData.h" />
    <ClInclude Include="src\CCE\include\assimp\color4.h" />
    <ClInclude Include="src\CCE\include\assimp\commonMetaData.h" />
    <ClInclude Include="src\CCE\include\assimp\Compiler\poppack1.h" />
    <ClInclude Include="src\CCE\include\assimp\Compiler\pstdint.h" />
    <ClInclude Include="src\CCE\include\assimp\Compiler\pushpack1.h" />
    <ClInclude Include="src\CCE\include\assimp\config.h" />
    <ClInclude Include="src\CCE\include\assimp\CreateAnimMesh.h" />
    <ClInclude Include="src\CCE\include\assimp\DefaultIOStream.h" />
    <ClInclude Include="src\CCE\include\assimp\DefaultIOSystem.h" />
    <ClInclude Include="src\CCE\include\assimp\DefaultLogger.hpp" />
    <ClInclude Include="src\CCE\include\assimp\defs.h" />
    <ClInclude Include="src\CCE\include\assimp\Exceptional.h" />
    <ClInclude Include="src\CCE\include\assimp\Exporter.hpp" />
    <ClInclude Include="src\CCE\include\assimp\fast_atof.h" />
    <ClInclude Include="src\CCE\include\assimp\GenericProperty.h" />
    <ClInclude Include="src\CCE\include\assimp\GltfMaterial.h" />
    <ClInclude Include="src\CCE\include\assimp\Hash.h" />
    <ClInclude Include="src\CCE\include\assimp\Importer.hpp" />
    <ClInclude Include="src\CCE\include\assimp\importerdesc.h" />
    <ClInclude Include="src\CCE\include\assimp\IOStream.hpp" />
    <ClInclude Include="src\CCE\include\assimp\IOStreamBuffer.h" />
    <ClInclude Include="src\CCE\include\assimp\IOSystem.hpp" />
    <ClInclude Include="src\CCE\include\assimp\light.h" />
    <ClInclude Include="src\CCE\include\assimp\LineSplitter.h" />
    <ClInclude Include="src\CCE\include\assimp\LogAux.h" />
    <ClInclude Include="src\CCE\include\assimp\Logger.hpp" />
    <ClInclude Include="src\CCE\include\assimp\LogStream.hpp" />
    <ClInclude Include="src\CCE\include\assimp\material.h" />
    <ClInclude Include="src\CCE\include\assimp\MathFunctions.h" />
    <ClInclude Include="src\CCE\include\assimp\matrix3x3.h" />
    <ClInclude Include="src\CCE\include\assimp\matrix4x4.h" />
    <ClInclude Include="src\CCE\include\assimp\MemoryIOWrapper.h" />
    <ClInclude Include="src\CCE\include\assimp\mesh.h" />
    <ClInclude Include="src\CCE\include\assimp\metadata.h" />
    <ClInclude Include="src\CCE\include\assimp\NullLogger.hpp" />
    <ClInclude Include="src\CCE\include\assimp\ObjMaterial.h" />
    <ClInclude Include="src\CCE\include\assimp\ParsingUtils.h" />
    <ClInclude Include="src\CCE\include\assimp\pbrmaterial.h" />
    <ClInclude Include="src\CCE\include\assimp\port\AndroidJNI\AndroidJNIIOSystem.h" />
    <ClInclude Include="src\CCE\include\assimp\port\AndroidJNI\BundledAssetIOSystem.h" />
    <ClInclude Include="src\CCE\include\assimp\postprocess.h" />
    <ClInclude Include="src\CCE\include\assimp\Profiler.h" />
    <ClInclude Include="src\CCE\include\assimp\ProgressHandler.hpp" />
    <ClInclude Include="src\CCE\include\assimp\qnan.h" />
    <ClInclude Include="src\CCE\include\assimp\quaternion.h" />
    <ClInclude Include="src\CCE\include\assimp\RemoveComments.h" />
    <ClInclude Include="src\CCE\include\assimp\scene.h" />
    <ClInclude Include="src\CCE\include\assimp\SceneCombiner.h" />
    <ClInclude Include="src\CCE\include\assimp\SGSpatialSort.h" />
    <ClInclude Include="src\CCE\include\assimp\SkeletonMeshBuilder.h" />
    <ClInclude Include="src\CCE\include\assimp\SmallVector.h" />
    <ClInclude Include="src\CCE\include\assimp\SmoothingGroups.h" />
    <ClInclude Include="src\CCE\include\assimp\SpatialSort.h" />
    <ClInclude Include="src\CCE\include\assimp\StandardShapes.h" />
    <ClInclude Include="src\CCE\include\assimp\StreamReader.h" />
    <ClInclude Include="src\CCE\include\assimp\StreamWriter.h" />
    <ClInclude Include="src\CCE\include\assimp\StringComparison.h" />
    <ClInclude Include="src\CCE\include\assimp\StringUtils.h" />
    <ClInclude Include="src\CCE\include\assimp\Subdivision.h" />
    <ClInclude Include="src\CCE\include\assimp\texture.h" />
    <ClInclude Include="src\CCE\include\assimp\TinyFormatter.h" />
    <ClInclude Include="src\CCE\include\assimp\types.h" />
    <ClInclude Include="src\CCE\include\assimp\vector2.h" />
    <ClInclude Include="src\CCE\include\assimp\vector3.h" />
    <ClInclude Include="src\CCE\include\assimp\version.h" />
    <ClInclude Include="src\CCE\include\assimp\Vertex.h" />
    <ClInclude Include="src\CCE\include\assimp\XmlParser.h" />
    <ClInclude Include="src\CCE\include\assimp\XMLTools.h" />
    <ClInclude Include="src\CCE\include\assimp\ZipArchiveIOSystem.h" />
    <ClInclude Include="src\CCE\include\json\json.hpp" />
    <ClInclude Include="src\CCE\include\json\json_fwd.hpp" />
    <ClInclude Include="src\CCE\Resources\MeshLoader.h" />
    <ClInclude Include="src\CCE\Resources\ResourceLoader.h" />
    <ClInclude Include="src\CCE\Resources\TextureLoader.h" />
    <ClInclude Include="src\CCE\Input\Controller.h" />
    <ClInclude Include="src\CCE\Input\IInputHandler.h" />
    <ClInclude Include="src\CCE\Input\Keyboard.h" />
    <ClInclude Include="src\CCE\Input\Mouse.h" />
    <ClInclude Include="src\CCE\ECS\IComponentBuffer.h" />
    <ClInclude Include="src\CCE\Resources\Resource.h" />
    <ClInclude Include="src\CCE\String\StringMemory.h" />
    <ClInclude Include="src\CCE\Utilities\FreeImg\FreeImage.h" />
    <ClInclude Include="src\CCE\Utilities\IO\IO.h" />
    <ClInclude Include="src\CCE\Manager\MemoryManager.h" />
    <ClInclude Include="src\CCE\ClientWindow\ClientWindow.h" />
    <ClInclude Include="src\CCE\Graphics\Rendering\Drawable\Model.h" />
    <ClInclude Include="src\CCE\Manager\Application.h" />
    <ClInclude Include="src\CCE\Utilities\Concurrency\ScopedSpinLock.h" />
    <ClInclude Include="src\CCE\Utilities\Concurrency\SpinLock.h" />
    <ClInclude Include="src\CCE\include\ds5w\ds5w.h" />
    <ClInclude Include="src\CCE\Utilities\Color\Color.h" />
    <ClInclude Include="src\CCE\Graphics\RenderPipeline.h" />
    <ClInclude Include="src\CCE\Input\InputDevice.h" />
    <ClInclude Include="src\CCE\Manager\InputManager.h" />
    <ClInclude Include="src\CCE\Utilities\Math\CRCHash.h" />
    <ClInclude Include="src\CCE\Memory\PoolAllocator.h" />
    <ClInclude Include="src\CCE\Memory\Allocator.h" />
    <ClInclude Include="src\CCE\Utilities\Math\CCMath.h" />
    <ClInclude Include="src\CCE\Manager\JobManager.h" />
    <ClInclude Include="src\CCE\Manager\BaseManager.h" />
    <ClInclude Include="src\CCE\Analysis\Debug.h" />
    <ClInclude Include="src\CCE\Manager\ProfilingManager.h" />
    <ClInclude Include="src\CCE\Analysis\Logger.h" />
    <ClInclude Include="src\CCEngine.h" />
    <ClInclude Include="src\CCE\Core.h" />
    <ClInclude Include="src\CCE\Analysis\Time.h" />
    <ClInclude Include="src\CCE\Analysis\UnitTesting\UnitTest.h" />
    <ClInclude Include="src\CCE\Analysis\UnitTesting\UnitTestMath.h" />
    <ClInclude Include="src\CCE\Memory\StackAllocator.h" />
    <ClInclude Include="src\CCE\Analysis\UnitTesting\UnitTestStackAlloc.h" />
    <ClInclude Include="src\CCE\Analysis\UnitTesting\UnitTestPoolAlloc.h" />
    <ClInclude Include="src\CCE\String\String.h" />
    <ClInclude Include="src\CCE\Analysis\UnitTesting\UnitTestString.h" />
    <ClInclude Include="src\CCE\Graphics\Rendering\Vertex.h" />
    <ClInclude Include="src\CCE\Utilities\Serialization\ISerializable.h" />
    <ClInclude Include="src\CCE\Utilities\Serialization\json.hpp" />
    <ClInclude Include="src\CCE\Graphics\Rendering\Bindable\VertexBuffer.h" />
    <ClInclude Include="src\CCE\Graphics\Rendering\Bindable\VertexShader.h" />
    <ClInclude Include="src\CCE\Graphics\Rendering\Bindable\Topology.h" />
    <ClInclude Include="src\CCE\String\StringConverter.h" />
    <ClInclude Include="src\CCE\ECS\Components\Transform.h" />
    <ClInclude Include="src\CCE\ECS\Components\Rigidbody.h" />
    <ClInclude Include="src\CCE\Scene\Scene.h" />
    <ClInclude Include="src\CCE\ECS\Systems\ECSSystem.h" />
    <ClInclude Include="src\CCE\ECS\Systems\PhysicsSystem.h" />
    <ClInclude Include="src\CCE\ECS\Systems\RenderingSystem.h" />
    <ClInclude Include="src\CCE\ECS\Components\Behaviour.h" />
    <ClInclude Include="src\CCE\ECS\Components\Mesh.h" />
    <ClInclude Include="src\CCE\ECS\Components\MeshRenderer.h" />
  </ItemGroup>
  <ItemGroup>
    <Library Include="resources\sdk\assimp-vc143-mt.lib" />
    <Library Include="resources\sdk\ds5w_x64.lib" />
    <Library Include="resources\sdk\FreeImage.lib" />
  </ItemGroup>
  <ItemGroup>
    <ResourceCompile Include="CreativeChaosEngineCore.rc" />
  </ItemGroup>
  <ItemGroup>
    <None Include="resources\sdk\assimp-vc143-mt.dll" />
    <None Include="resources\sdk\ds5w_x64.dll" />
    <None Include="resources\sdk\FreeImage.dll" />
    <None Include="src\CCE\include\assimp\.editorconfig" />
    <None Include="src\CCE\include\assimp\color4.inl" />
    <None Include="src\CCE\include\assimp\config.h.in" />
    <None Include="src\CCE\include\assimp\material.inl" />
    <None Include="src\CCE\include\assimp\matrix3x3.inl" />
    <None Include="src\CCE\include\assimp\matrix4x4.inl" />
    <None Include="src\CCE\include\assimp\quaternion.inl" />
    <None Include="src\CCE\include\assimp\SmoothingGroups.inl" />
    <None Include="src\CCE\include\assimp\vector2.inl" />
    <None Include="src\CCE\include\assimp\vector3.inl" />
  </ItemGroup>
</Project>