<?xml version="1.0" encoding="utf-8"?>
<Project ToolsVersion="4.0" xmlns="http://schemas.microsoft.com/developer/msbuild/2003">
  <ItemGroup>
    <Filter Include="Resources">
      <UniqueIdentifier>{67DA6AB6-F800-4c08-8B7A-83BB121AAD01}</UniqueIdentifier>
      <Extensions>rc;ico;cur;bmp;dlg;rc2;rct;bin;rgs;gif;jpg;jpeg;jpe;resx;tiff;tif;png;wav;mfcribbon-ms</Extensions>
    </Filter>
    <Filter Include="Sources">
      <UniqueIdentifier>{4FC737F1-C7A5-4376-A066-2A32D752A2FF}</UniqueIdentifier>
      <Extensions>cpp;c;cc;cxx;c++;cppm;ixx;def;odl;idl;hpj;bat;asm;asmx</Extensions>
    </Filter>
    <Filter Include="Headers">
      <UniqueIdentifier>{93995380-89BD-4b04-88EB-625FBE52EBFB}</UniqueIdentifier>
      <Extensions>h;hh;hpp;hxx;h++;hm;inl;inc;ipp;xsd</Extensions>
    </Filter>
  </ItemGroup>
  <ItemGroup>
    <ClCompile Include="src\CCE\Core.cpp">
      <Filter>Sources</Filter>
    </ClCompile>
    <ClCompile Include="src\CCE\Analysis\Time.cpp">
      <Filter>Sources</Filter>
    </ClCompile>
    <ClCompile Include="src\CCE\Analysis\Logger.cpp">
      <Filter>Sources</Filter>
    </ClCompile>
    <ClCompile Include="src\CCE\Manager\ProfilingManager.cpp">
      <Filter>Sources</Filter>
    </ClCompile>
    <ClCompile Include="src\CCE\Analysis\Debug.cpp">
      <Filter>Sources</Filter>
    </ClCompile>
    <ClCompile Include="src\CCE\Manager\BaseManager.cpp">
      <Filter>Sources</Filter>
    </ClCompile>
    <ClCompile Include="src\CCE\Manager\PhysicsManager.cpp">
      <Filter>Sources</Filter>
    </ClCompile>
    <ClCompile Include="src\CCE\Manager\JobManager.cpp">
      <Filter>Sources</Filter>
    </ClCompile>
    <ClCompile Include="src\CCE\Analysis\UnitTesting\UnitTest.cpp">
      <Filter>Sources</Filter>
    </ClCompile>
    <ClCompile Include="src\CCE\Analysis\UnitTesting\UnitTestMath.cpp">
      <Filter>Sources</Filter>
    </ClCompile>
    <ClCompile Include="src\CCE\Utilities\Math\CCMath.cpp">
      <Filter>Sources</Filter>
    </ClCompile>
    <ClCompile Include="src\CCE\Memory\Allocator.cpp">
      <Filter>Sources</Filter>
    </ClCompile>
    <ClCompile Include="src\CCE\Memory\StackAllocator.cpp">
      <Filter>Sources</Filter>
    </ClCompile>
    <ClCompile Include="src\CCE\Analysis\UnitTesting\UnitTestStackAlloc.cpp">
      <Filter>Sources</Filter>
    </ClCompile>
    <ClCompile Include="src\CCE\Memory\PoolAllocator.cpp">
      <Filter>Sources</Filter>
    </ClCompile>
    <ClCompile Include="src\CCE\Analysis\UnitTesting\UnitTestPoolAlloc.cpp">
      <Filter>Sources</Filter>
    </ClCompile>
    <ClCompile Include="src\CCE\String\String.cpp">
      <Filter>Sources</Filter>
    </ClCompile>
    <ClCompile Include="src\CCE\Utilities\Math\CRCHash.cpp">
      <Filter>Sources</Filter>
    </ClCompile>
    <ClCompile Include="src\CCE\Analysis\UnitTesting\UnitTestString.cpp">
      <Filter>Sources</Filter>
    </ClCompile>
    <ClCompile Include="src\CCE\Manager\InputManager.cpp">
      <Filter>Sources</Filter>
    </ClCompile>
    <ClCompile Include="src\CCE\Graphics\RenderPipeline.cpp">
      <Filter>Sources</Filter>
    </ClCompile>
    <ClCompile Include="src\CCE\Utilities\Color\Color.cpp">
      <Filter>Sources</Filter>
    </ClCompile>
    <ClCompile Include="src\CCE\Utilities\Events\Delegate.cpp">
      <Filter>Sources</Filter>
    </ClCompile>
    <ClCompile Include="src\CCE\Graphics\Rendering\Drawable\Mesh.cpp">
      <Filter>Sources</Filter>
    </ClCompile>
    <ClCompile Include="src\CCE\CCEditor\CCEditor.cpp">
      <Filter>Sources</Filter>
    </ClCompile>
    <ClCompile Include="src\CCE\ClientWindow\ClientWindow.cpp">
      <Filter>Sources</Filter>
    </ClCompile>
    <ClCompile Include="src\CCE\Manager\MemoryManager.cpp">
      <Filter>Sources</Filter>
    </ClCompile>
    <ClCompile Include="src\CCE\Manager\Application.cpp">
      <Filter>Sources</Filter>
    </ClCompile>
    <ClCompile Include="src\CCE\Utilities\IO\IO.cpp">
      <Filter>Sources</Filter>
    </ClCompile>
    <ClCompile Include="src\CCE\Graphics\Rendering\Bindable\IndexBuffer.cpp">
      <Filter>Sources</Filter>
    </ClCompile>
    <ClCompile Include="src\CCE\Graphics\Rendering\Bindable\VertexBuffer.cpp">
      <Filter>Sources</Filter>
    </ClCompile>
    <ClCompile Include="src\CCE\Graphics\Rendering\Bindable\VertexShader.cpp">
      <Filter>Sources</Filter>
    </ClCompile>
    <ClCompile Include="src\CCE\Graphics\Rendering\Bindable\PixelShader.cpp">
      <Filter>Sources</Filter>
    </ClCompile>
    <ClCompile Include="src\CCE\Graphics\Rendering\Bindable\InputLayout.cpp">
      <Filter>Sources</Filter>
    </ClCompile>
    <ClCompile Include="src\CCE\Graphics\Rendering\Drawable\IDrawable.cpp">
      <Filter>Sources</Filter>
    </ClCompile>
    <ClCompile Include="src\CCE\Graphics\Rendering\Bindable\Topology.cpp">
      <Filter>Sources</Filter>
    </ClCompile>
    <ClCompile Include="src\CCE\Graphics\Rendering\Camera.cpp">
      <Filter>Sources</Filter>
    </ClCompile>
  </ItemGroup>
  <ItemGroup>
    <ClInclude Include="src\CCE\Core.h">
      <Filter>Headers</Filter>
    </ClInclude>
    <ClInclude Include="src\CCEngine.h">
      <Filter>Headers</Filter>
    </ClInclude>
    <ClInclude Include="src\CCE\Analysis\Time.h">
      <Filter>Headers</Filter>
    </ClInclude>
    <ClInclude Include="src\CCE\Analysis\Logger.h">
      <Filter>Headers</Filter>
    </ClInclude>
    <ClInclude Include="src\CCE\Manager\ProfilingManager.h">
      <Filter>Headers</Filter>
    </ClInclude>
    <ClInclude Include="src\CCE\Analysis\Debug.h">
      <Filter>Headers</Filter>
    </ClInclude>
    <ClInclude Include="src\CCE\Manager\BaseManager.h">
      <Filter>Headers</Filter>
    </ClInclude>
    <ClInclude Include="src\CCE\Manager\PhysicsManager.h">
      <Filter>Headers</Filter>
    </ClInclude>
    <ClInclude Include="src\CCE\Manager\JobManager.h">
      <Filter>Headers</Filter>
    </ClInclude>
    <ClInclude Include="src\CCE\Analysis\UnitTesting\UnitTest.h">
      <Filter>Headers</Filter>
    </ClInclude>
    <ClInclude Include="src\CCE\Analysis\UnitTesting\UnitTestMath.h">
      <Filter>Headers</Filter>
    </ClInclude>
    <ClInclude Include="src\CCE\Utilities\Math\CCMath.h">
      <Filter>Headers</Filter>
    </ClInclude>
    <ClInclude Include="src\CCE\Memory\Allocator.h">
      <Filter>Headers</Filter>
    </ClInclude>
    <ClInclude Include="src\CCE\Memory\StackAllocator.h">
      <Filter>Headers</Filter>
    </ClInclude>
    <ClInclude Include="src\CCE\Analysis\UnitTesting\UnitTestStackAlloc.h">
      <Filter>Headers</Filter>
    </ClInclude>
    <ClInclude Include="src\CCE\Memory\PoolAllocator.h">
      <Filter>Headers</Filter>
    </ClInclude>
    <ClInclude Include="src\CCE\Analysis\UnitTesting\UnitTestPoolAlloc.h">
      <Filter>Headers</Filter>
    </ClInclude>
    <ClInclude Include="src\CCE\String\String.h">
      <Filter>Headers</Filter>
    </ClInclude>
    <ClInclude Include="src\CCE\Utilities\Math\CRCHash.h">
      <Filter>Headers</Filter>
    </ClInclude>
    <ClInclude Include="src\CCE\Analysis\UnitTesting\UnitTestString.h">
      <Filter>Headers</Filter>
    </ClInclude>
    <ClInclude Include="src\CCE\Manager\InputManager.h">
      <Filter>Headers</Filter>
    </ClInclude>
    <ClInclude Include="src\CCE\Input\InputDevice.h">
      <Filter>Headers</Filter>
    </ClInclude>
    <ClInclude Include="src\CCE\Graphics\RenderPipeline.h">
      <Filter>Headers</Filter>
    </ClInclude>
    <ClInclude Include="src\CCE\Utilities\Color\Color.h">
      <Filter>Headers</Filter>
    </ClInclude>
    <ClInclude Include="src\CCE\Input\ds5w.h">
      <Filter>Headers</Filter>
    </ClInclude>
    <ClInclude Include="src\CCE\Utilities\Events\Delegate.h">
      <Filter>Headers</Filter>
    </ClInclude>
    <ClInclude Include="src\CCE\Graphics\Rendering\Drawable\Mesh.h">
      <Filter>Headers</Filter>
    </ClInclude>
    <ClInclude Include="src\CCE\CCEditor\CCEditor.h">
      <Filter>Headers</Filter>
    </ClInclude>
    <ClInclude Include="src\CCE\ClientWindow\ClientWindow.h">
      <Filter>Headers</Filter>
    </ClInclude>
    <ClInclude Include="src\CCE\Manager\MemoryManager.h">
      <Filter>Headers</Filter>
    </ClInclude>
    <ClInclude Include="src\CCE\Graphics\Rendering\Drawable\IDrawable.h">
      <Filter>Headers</Filter>
    </ClInclude>
    <ClInclude Include="src\CCE\Graphics\Rendering\D3D11.h">
      <Filter>Headers</Filter>
    </ClInclude>
    <ClInclude Include="src\CCE\Graphics\Rendering\Vertex.h">
      <Filter>Headers</Filter>
    </ClInclude>
    <ClInclude Include="src\CCE\Manager\Application.h">
      <Filter>Headers</Filter>
    </ClInclude>
    <ClInclude Include="src\CCE\Utilities\Concurrency\SpinLock.h">
      <Filter>Headers</Filter>
    </ClInclude>
    <ClInclude Include="src\CCE\Utilities\Concurrency\ScopedSpinLock.h">
      <Filter>Headers</Filter>
    </ClInclude>
    <ClInclude Include="src\CCE\Utilities\IO\IO.h">
      <Filter>Headers</Filter>
    </ClInclude>
    <ClInclude Include="resource.h">
      <Filter>Headers</Filter>
    </ClInclude>
    <ClInclude Include="src\CCE\Utilities\Serialization\ISerializable.h">
      <Filter>Headers</Filter>
    </ClInclude>
    <ClInclude Include="src\CCE\Utilities\Serialization\json.hpp">
      <Filter>Headers</Filter>
    </ClInclude>
    <ClInclude Include="src\CCE\Graphics\Rendering\Bindable\IBindable.h">
      <Filter>Headers</Filter>
    </ClInclude>
    <ClInclude Include="src\CCE\Graphics\Rendering\Bindable\IndexBuffer.h">
      <Filter>Headers</Filter>
    </ClInclude>
    <ClInclude Include="src\CCE\Graphics\Rendering\Bindable\VertexBuffer.h">
      <Filter>Headers</Filter>
    </ClInclude>
    <ClInclude Include="src\CCE\Graphics\Rendering\Bindable\VertexShader.h">
      <Filter>Headers</Filter>
    </ClInclude>
    <ClInclude Include="src\CCE\Graphics\Rendering\Bindable\PixelShader.h">
      <Filter>Headers</Filter>
    </ClInclude>
    <ClInclude Include="src\CCE\Graphics\Rendering\Bindable\InputLayout.h">
      <Filter>Headers</Filter>
    </ClInclude>
    <ClInclude Include="src\CCE\Graphics\Rendering\Bindable\BindableCommon.h">
      <Filter>Headers</Filter>
    </ClInclude>
    <ClInclude Include="src\CCE\Graphics\Rendering\Bindable\Topology.h">
      <Filter>Headers</Filter>
    </ClInclude>
    <ClInclude Include="src\CCE\Graphics\Rendering\Camera.h">
      <Filter>Headers</Filter>
    </ClInclude>
    <ClInclude Include="src\CCE\Graphics\Rendering\Bindable\ConstantBuffer.h">
      <Filter>Headers</Filter>
    </ClInclude>
    <ClInclude Include="src\CCE\Graphics\Rendering\Transform.h">
      <Filter>Headers</Filter>
    </ClInclude>
  </ItemGroup>
  <ItemGroup>
    <None Include="resources\sdk\ds5w_x64.dll" />
  </ItemGroup>
  <ItemGroup>
    <Library Include="resources\sdk\ds5w_x64.lib" />
  </ItemGroup>
  <ItemGroup>
    <ResourceCompile Include="CreativeChaosEngineCore.rc">
      <Filter>Resources</Filter>
    </ResourceCompile>
  </ItemGroup>
  <ItemGroup>
    <FxCompile Include="src\CCE\Graphics\Shader\DefaultPixelShader.hlsl" />
    <FxCompile Include="src\CCE\Graphics\Shader\DefaultVertexShader.hlsl" />
  </ItemGroup>
</Project>